
Microsoft Visual Studio Solution File, Format Version 12.00
# Visual Studio Version 16
VisualStudioVersion = 16.0.36631.11
MinimumVisualStudioVersion = 10.0.40219.1
Project("{FAE04EC0-301F-11D3-BF4B-00C04F79EFBC}") = "GrowWealth", "GrowWealth\GrowWealth.csproj", "{61376CEA-72A1-4649-BB28-FB7E26D6091B}"
EndProject
Global
	GlobalSection(SolutionConfigurationPlatforms) = preSolution
		Debug|Any CPU = Debug|Any CPU
		Release|Any CPU = Release|Any CPU
	EndGlobalSection
	GlobalSection(ProjectConfigurationPlatforms) = postSolution
		{61376CEA-72A1-4649-BB28-FB7E26D6091B}.Debug|Any CPU.ActiveCfg = Debug|Any CPU
		{61376CEA-72A1-4649-BB28-FB7E26D6091B}.Debug|Any CPU.Build.0 = Debug|Any CPU
		{61376CEA-72A1-4649-BB28-FB7E26D6091B}.Release|Any CPU.ActiveCfg = Release|Any CPU
		{61376CEA-72A1-4649-BB28-FB7E26D6091B}.Release|Any CPU.Build.0 = Release|Any CPU
	EndGlobalSection
	GlobalSection(SolutionProperties) = preSolution
		HideSolutionNode = FALSE
	EndGlobalSection
	GlobalSection(ExtensibilityGlobals) = postSolution
		SolutionGuid = {1DF5AC47-F396-40BB-871E-12E88A30F042}
	EndGlobalSection
EndGlobal
